Microsoft Visual Studio Solution File, Format Version 12.00
# Visual Studio Version 17
VisualStudioVersion = 17.14.37614.0 d17.14
MinimumVisualStudioVersion = 10.0.40219.1
Project("{8BC9CEB8-8B4A-11D0-8D11-00A0C91BC942}") = "KMDF Driver1", "KMDF Driver1\KMDF Driver1.vcxproj", "{28C79524-2D8D-FE0D-FEB0-27FE06BB2FB6}"
EndProject
Project("{8BC9CEB8-8B4A-11D0-8D11-00A0C91BC942}") = "TestClient", "TestClient\TestClient.vcxproj", "{A3F2C508-142B-4E38-958C-52A562B21544}"
EndProject
Global
	GlobalSection(SolutionConfigurationPlatforms) = preSolution
		Debug|ARM64 = Debug|ARM64
		Debug|x64 = Debug|x64
		Release|ARM64 = Release|ARM64
		Release|x64 = Release|x64
	EndGlobalSection
	GlobalSection(ProjectConfigurationPlatforms) = postSolution
		{28C79524-2D8D-FE0D-FEB0-27FE06BB2FB6}.Debug|ARM64.ActiveCfg = Debug|ARM64
		{28C79524-2D8D-FE0D-FEB0-27FE06BB2FB6}.Debug|ARM64.Build.0 = Debug|ARM64
		{28C79524-2D8D-FE0D-FEB0-27FE06BB2FB6}.Debug|ARM64.Deploy.0 = Debug|ARM64
		{28C79524-2D8D-FE0D-FEB0-27FE06BB2FB6}.Debug|x64.ActiveCfg = Debug|x64
		{28C79524-2D8D-FE0D-FEB0-27FE06BB2FB6}.Debug|x64.Build.0 = Debug|x64
		{28C79524-2D8D-FE0D-FEB0-27FE06BB2FB6}.Debug|x64.Deploy.0 = Debug|x64
		{28C79524-2D8D-FE0D-FEB0-27FE06BB2FB6}.Release|ARM64.ActiveCfg = Release|ARM64
		{28C79524-2D8D-FE0D-FEB0-27FE06BB2FB6}.Release|ARM64.Build.0 = Release|ARM64
		{28C79524-2D8D-FE0D-FEB0-27FE06BB2FB6}.Release|ARM64.Deploy.0 = Release|ARM64
		{28C79524-2D8D-FE0D-FEB0-27FE06BB2FB6}.Release|x64.ActiveCfg = Release|x64
		{28C79524-2D8D-FE0D-FEB0-27FE06BB2FB6}.Release|x64.Build.0 = Release|x64
		{28C79524-2D8D-FE0D-FEB0-27FE06BB2FB6}.Release|x64.Deploy.0 = Release|x64
		{A3F2C508-142B-4E38-958C-52A562B21544}.Debug|ARM64.ActiveCfg = Debug|x64
		{A3F2C508-142B-4E38-958C-52A562B21544}.Debug|x64.ActiveCfg = Debug|x64
		{A3F2C508-142B-4E38-958C-52A562B21544}.Debug|x64.Build.0 = Debug|x64
		{A3F2C508-142B-4E38-958C-52A562B21544}.Release|ARM64.ActiveCfg = Release|x64
		{A3F2C508-142B-4E38-958C-52A562B21544}.Release|x64.ActiveCfg = Release|x64
		{A3F2C508-142B-4E38-958C-52A562B21544}.Release|x64.Build.0 = Release|x64
	EndGlobalSection
	GlobalSection(SolutionProperties) = preSolution
		HideSolutionNode = FALSE
	EndGlobalSection
	GlobalSection(ExtensibilityGlobals) = postSolution
		SolutionGuid = {48E3E5E1-CF9C-4F7A-B598-254923DB8EDF}
	EndGlobalSection
EndGlobal
